
Microsoft Visual Studio Solution File, Format Version 12.00
# Visual Studio 14
VisualStudioVersion = 14.0.24720.0
MinimumVisualStudioVersion = 10.0.40219.1
Project("{E24C65DC-7377-472B-9ABA-BC803B73C61A}") = "Solstice", ".", "{F43D3DF7-7311-45F1-BA33-5FC31652F1ED}"
	ProjectSection(WebsiteProperties) = preProject
		TargetFrameworkMoniker = ".NETFramework,Version%3Dv4.0"
		Debug.AspNetCompiler.VirtualPath = "/localhost_50340"
		Debug.AspNetCompiler.PhysicalPath = "..\..\..\..\Source\Repos\Solstice\"
		Debug.AspNetCompiler.TargetPath = "PrecompiledWeb\localhost_50340\"
		Debug.AspNetCompiler.Updateable = "true"
		Debug.AspNetCompiler.ForceOverwrite = "true"
		Debug.AspNetCompiler.FixedNames = "false"
		Debug.AspNetCompiler.Debug = "True"
		Release.AspNetCompiler.VirtualPath = "/localhost_50340"
		Release.AspNetCompiler.PhysicalPath = "..\..\..\..\Source\Repos\Solstice\"
		Release.AspNetCompiler.TargetPath = "PrecompiledWeb\localhost_50340\"
		Release.AspNetCompiler.Updateable = "true"
		Release.AspNetCompiler.ForceOverwrite = "true"
		Release.AspNetCompiler.FixedNames = "false"
		Release.AspNetCompiler.Debug = "False"
		VWDPort = "50340"
		SlnRelativePath = "."
	EndProjectSection
EndProject
Project("{FAE04EC0-301F-11D3-BF4B-00C04F79EFBC}") = "SolsticeAPI", "SolsticeAPI\SolsticeAPI.csproj", "{EB7A8230-0125-42B6-86D2-F9731A31C8CA}"
EndProject
Project("{2150E333-8FDC-42A3-9474-1A3956D46DE8}") = "PublishScripts", "PublishScripts", "{8AB21962-0B1D-4AE3-B000-AB87E82CE82E}"
EndProject
Project("{2150E333-8FDC-42A3-9474-1A3956D46DE8}") = "Scripts", "Scripts", "{81D470ED-542B-40D0-8225-01B00C967DB0}"
	ProjectSection(SolutionItems) = preProject
		PublishScripts\Scripts\Deploy-AzureResourceGroup.ps1 = PublishScripts\Scripts\Deploy-AzureResourceGroup.ps1
	EndProjectSection
EndProject
Project("{2150E333-8FDC-42A3-9474-1A3956D46DE8}") = "Templates", "Templates", "{DAEF09C2-571D-4E86-8CB7-644BCF04C3C4}"
	ProjectSection(SolutionItems) = preProject
		PublishScripts\Templates\SolsticeAPI.json = PublishScripts\Templates\SolsticeAPI.json
		PublishScripts\Templates\SolsticeAPI.param.dev.json = PublishScripts\Templates\SolsticeAPI.param.dev.json
	EndProjectSection
EndProject
Global
	GlobalSection(SolutionConfigurationPlatforms) = preSolution
		Debug|Any CPU = Debug|Any CPU
		Release|Any CPU = Release|Any CPU
	EndGlobalSection
	GlobalSection(ProjectConfigurationPlatforms) = postSolution
		{F43D3DF7-7311-45F1-BA33-5FC31652F1ED}.Debug|Any CPU.ActiveCfg = Debug|Any CPU
		{F43D3DF7-7311-45F1-BA33-5FC31652F1ED}.Debug|Any CPU.Build.0 = Debug|Any CPU
		{F43D3DF7-7311-45F1-BA33-5FC31652F1ED}.Release|Any CPU.ActiveCfg = Debug|Any CPU
		{F43D3DF7-7311-45F1-BA33-5FC31652F1ED}.Release|Any CPU.Build.0 = Debug|Any CPU
		{EB7A8230-0125-42B6-86D2-F9731A31C8CA}.Debug|Any CPU.ActiveCfg = Debug|Any CPU
		{EB7A8230-0125-42B6-86D2-F9731A31C8CA}.Debug|Any CPU.Build.0 = Debug|Any CPU
		{EB7A8230-0125-42B6-86D2-F9731A31C8CA}.Release|Any CPU.ActiveCfg = Release|Any CPU
		{EB7A8230-0125-42B6-86D2-F9731A31C8CA}.Release|Any CPU.Build.0 = Release|Any CPU
	EndGlobalSection
	GlobalSection(SolutionProperties) = preSolution
		HideSolutionNode = FALSE
	EndGlobalSection
	GlobalSection(NestedProjects) = preSolution
		{81D470ED-542B-40D0-8225-01B00C967DB0} = {8AB21962-0B1D-4AE3-B000-AB87E82CE82E}
		{DAEF09C2-571D-4E86-8CB7-644BCF04C3C4} = {8AB21962-0B1D-4AE3-B000-AB87E82CE82E}
	EndGlobalSection
EndGlobal
